{
  "version": 4,
  "terraform_version": "1.16.0",
  "serial": 23,
  "lineage": "a34adf11-538e-1a8c-b83e-13961976d4b5",
  "outputs": {
    "aws_account_id": {
      "value": "756163129920",
      "type": "string"
    },
    "aws_caller_arn": {
      "value": "arn:aws:iam::756163129920:user/devops-admin",
      "type": "string"
    },
    "cloudfront_url": {
      "value": null,
      "type": "string"
    },
    "s3_bucket_name": {
      "value": "lab-frontend-dev",
      "type": "string"
    }
  },
  "resources": [
    {
      "mode": "data",
      "type": "aws_caller_identity",
      "name": "current",
      "provider": "provider[\"registry.terraform.io/hashicorp/aws\"]",
      "instances": [
        {
          "schema_version": 0,
          "attributes": {
            "account_id": "756163129920",
            "arn": "arn:aws:iam::756163129920:user/devops-admin",
            "id": "756163129920",
            "user_id": "AIDA3ADWVWJADJFMPKGS6"
          },
          "sensitive_attributes": [],
          "identity_schema_version": 0
        }
      ]
    },
    {
      "module": "module.frontend-lab-resources",
      "mode": "managed",
      "type": "aws_s3_bucket",
      "name": "app",
      "provider": "provider[\"registry.terraform.io/hashicorp/aws\"]",
      "instances": [
        {
          "schema_version": 0,
          "attributes": {
            "acceleration_status": "",
            "acl": null,
            "arn": "arn:aws:s3:::lab-frontend-dev",
            "bucket": "lab-frontend-dev",
            "bucket_domain_name": "lab-frontend-dev.s3.amazonaws.com",
            "bucket_prefix": null,
            "bucket_regional_domain_name": "lab-frontend-dev.s3.eu-west-2.amazonaws.com",
            "cors_rule": [],
            "force_destroy": null,
            "grant": [],
            "hosted_zone_id": "Z3GKZC51ZF0DB4",
            "id": "lab-frontend-dev",
            "lifecycle_rule": [],
            "logging": [],
            "object_lock_configuration": [],
            "object_lock_enabled": false,
            "policy": null,
            "region": "eu-west-2",
            "replication_configuration": [],
            "request_payer": "BucketOwner",
            "server_side_encryption_configuration": [
              {
                "rule": [
                  {
                    "apply_server_side_encryption_by_default": [
                      {
                        "kms_master_key_id": "",
                        "sse_algorithm": "AES256"
                      }
                    ],
                    "bucket_key_enabled": false
                  }
                ]
              }
            ],
            "tags": {
              "Application": "lab-frontend-app",
              "Name": "lab-frontend-dev",
              "env": "dev"
            },
            "tags_all": {
              "Application": "lab-frontend-app",
              "Name": "lab-frontend-dev",
              "env": "dev"
            },
            "versioning": [
              {
                "enabled": true,
                "mfa_delete": false
              }
            ],
            "website": [],
            "website_domain": null,
            "website_endpoint": null
          },
          "sensitive_attributes": [],
          "identity_schema_version": 0,
          "private": "eyJzY2hlbWFfdmVyc2lvbiI6IjAifQ=="
        }
      ]
    }
  ],
  "check_results": null
}
